// !$*UTF8*$!
{
	archiveVersion = 1;
	classes = {
	};
	objectVersion = 46;
	objects = {

/* Begin PBXBuildFile section */
		B370CFA01D4BE9D300BE3B1C /* AppDelegate.swift in Sources */ = {isa = PBXBuildFile; fileRef = B370CF9F1D4BE9D300BE3B1C /* AppDelegate.swift */; };
		B370CFA41D4BE9D300BE3B1C /* GameScene.swift in Sources */ = {isa = PBXBuildFile; fileRef = B370CFA31D4BE9D300BE3B1C /* GameScene.swift */; };
		B370CFA61D4BE9D300BE3B1C /* GameViewController.swift in Sources */ = {isa = PBXBuildFile; fileRef = B370CFA51D4BE9D300BE3B1C /* GameViewController.swift */; };
		B370CFA91D4BE9D300BE3B1C /* Main.storyboard in Resources */ = {isa = PBXBuildFile; fileRef = B370CFA71D4BE9D300BE3B1C /* Main.storyboard */; };
		B370CFAB1D4BE9D300BE3B1C /* Assets.xcassets in Resources */ = {isa = PBXBuildFile; fileRef = B370CFAA1D4BE9D300BE3B1C /* Assets.xcassets */; };
		B370CFAE1D4BE9D300BE3B1C /* LaunchScreen.storyboard in Resources */ = {isa = PBXBuildFile; fileRef = B370CFAC1D4BE9D300BE3B1C /* LaunchScreen.storyboard */; };
		B370CFB91D4BE9D300BE3B1C /* FI5Tests.swift in Sources */ = {isa = PBXBuildFile; fileRef = B370CFB81D4BE9D300BE3B1C /* FI5Tests.swift */; };
		B370CFC41D4BE9D400BE3B1C /* FI5UITests.swift in Sources */ = {isa = PBXBuildFile; fileRef = B370CFC31D4BE9D400BE3B1C /* FI5UITests.swift */; };
		B370CFD21D4BEA1600BE3B1C /* Levels.swift in Sources */ = {isa = PBXBuildFile; fileRef = B370CFD11D4BEA1600BE3B1C /* Levels.swift */; };
		B370CFD71D4BEA5C00BE3B1C /* fromInside.caf in Resources */ = {isa = PBXBuildFile; fileRef = B370CFD41D4BEA5C00BE3B1C /* fromInside.caf */; };
		B370CFD81D4BEA5C00BE3B1C /* lockMe.caf in Resources */ = {isa = PBXBuildFile; fileRef = B370CFD51D4BEA5C00BE3B1C /* lockMe.caf */; };
		B370CFD91D4BEA5C00BE3B1C /* lockMeTwo.caf in Resources */ = {isa = PBXBuildFile; fileRef = B370CFD61D4BEA5C00BE3B1C /* lockMeTwo.caf */; };
/* End PBXBuildFile section */

/* Begin PBXContainerItemProxy section */
		B370CFB51D4BE9D300BE3B1C /* PBXContainerItemProxy */ = {
			isa = PBXContainerItemProxy;
			containerPortal = B370CF941D4BE9D300BE3B1C /* Project object */;
			proxyType = 1;
			remoteGlobalIDString = B370CF9B1D4BE9D300BE3B1C;
			remoteInfo = FI5;
		};
		B370CFC01D4BE9D400BE3B1C /* PBXContainerItemProxy */ = {
			isa = PBXContainerItemProxy;
			containerPortal = B370CF941D4BE9D300BE3B1C /* Project object */;
			proxyType = 1;
			remoteGlobalIDString = B370CF9B1D4BE9D300BE3B1C;
			remoteInfo = FI5;
		};
/* End PBXContainerItemProxy section */

/* Begin PBXFileReference section */
		B370CF9C1D4BE9D300BE3B1C /* FI5.app */ = {isa = PBXFileReference; explicitFileType = wrapper.application; includeInIndex = 0; path = FI5.app; sourceTree = BUILT_PRODUCTS_DIR; };
		B370CF9F1D4BE9D300BE3B1C /* AppDelegate.swift */ = {isa = PBXFileReference; lastKnownFileType = sourcecode.swift; path = AppDelegate.swift; sourceTree = "<group>"; };
		B370CFA31D4BE9D300BE3B1C /* GameScene.swift */ = {isa = PBXFileReference; lastKnownFileType = sourcecode.swift; path = GameScene.swift; sourceTree = "<group>"; };
		B370CFA51D4BE9D300BE3B1C /* GameViewController.swift */ = {isa = PBXFileReference; lastKnownFileType = sourcecode.swift; path = GameViewController.swift; sourceTree = "<group>"; };
		B370CFA81D4BE9D300BE3B1C /* Base */ = {isa = PBXFileReference; lastKnownFileType = file.storyboard; name = Base; path = Base.lproj/Main.storyboard; sourceTree = "<group>"; };
		B370CFAA1D4BE9D300BE3B1C /* Assets.xcassets */ = {isa = PBXFileReference; lastKnownFileType = folder.assetcatalog; path = Assets.xcassets; sourceTree = "<group>"; };
		B370CFAD1D4BE9D300BE3B1C /* Base */ = {isa = PBXFileReference; lastKnownFileType = file.storyboard; name = Base; path = Base.lproj/LaunchScreen.storyboard; sourceTree = "<group>"; };
		B370CFAF1D4BE9D300BE3B1C /* Info.plist */ = {isa = PBXFileReference; lastKnownFileType = text.plist.xml; path = Info.plist; sourceTree = "<group>"; };
		B370CFB41D4BE9D300BE3B1C /* FI5Tests.xctest */ = {isa = PBXFileReference; explicitFileType = wrapper.cfbundle; includeInIndex = 0; path = FI5Tests.xctest; sourceTree = BUILT_PRODUCTS_DIR; };
		B370CFB81D4BE9D300BE3B1C /* FI5Tests.swift */ = {isa = PBXFileReference; lastKnownFileType = sourcecode.swift; path = FI5Tests.swift; sourceTree = "<group>"; };
		B370CFBA1D4BE9D300BE3B1C /* Info.plist */ = {isa = PBXFileReference; lastKnownFileType = text.plist.xml; path = Info.plist; sourceTree = "<group>"; };
		B370CFBF1D4BE9D400BE3B1C /* FI5UITests.xctest */ = {isa = PBXFileReference; explicitFileType = wrapper.cfbundle; includeInIndex = 0; path = FI5UITests.xctest; sourceTree = BUILT_PRODUCTS_DIR; };
		B370CFC31D4BE9D400BE3B1C /* FI5UITests.swift */ = {isa = PBXFileReference; lastKnownFileType = sourcecode.swift; path = FI5UITests.swift; sourceTree = "<group>"; };
		B370CFC51D4BE9D400BE3B1C /* Info.plist */ = {isa = PBXFileReference; lastKnownFileType = text.plist.xml; path = Info.plist; sourceTree = "<group>"; };
		B370CFD11D4BEA1600BE3B1C /* Levels.swift */ = {isa = PBXFileReference; fileEncoding = 4; lastKnownFileType = sourcecode.swift; path = Levels.swift; sourceTree = "<group>"; };
		B370CFD41D4BEA5C00BE3B1C /* fromInside.caf */ = {isa = PBXFileReference; lastKnownFileType = file; path = fromInside.caf; sourceTree = "<group>"; };
		B370CFD51D4BEA5C00BE3B1C /* lockMe.caf */ = {isa = PBXFileReference; lastKnownFileType = file; path = lockMe.caf; sourceTree = "<group>"; };
		B370CFD61D4BEA5C00BE3B1C /* lockMeTwo.caf */ = {isa = PBXFileReference; lastKnownFileType = file; path = lockMeTwo.caf; sourceTree = "<group>"; };
/* End PBXFileReference section */

/* Begin PBXFrameworksBuildPhase section */
		B370CF991D4BE9D300BE3B1C /* Frameworks */ = {
			isa = PBXFrameworksBuildPhase;
			buildActionMask = 2147483647;
			files = (
			);
			runOnlyForDeploymentPostprocessing = 0;
		};
		B370CFB11D4BE9D300BE3B1C /* Frameworks */ = {
			isa = PBXFrameworksBuildPhase;
			buildActionMask = 2147483647;
			files = (
			);
			runOnlyForDeploymentPostprocessing = 0;
		};
		B370CFBC1D4BE9D400BE3B1C /* Frameworks */ = {
			isa = PBXFrameworksBuildPhase;
			buildActionMask = 2147483647;
			files = (
			);
			runOnlyForDeploymentPostprocessing = 0;
		};
/* End PBXFrameworksBuildPhase section */

/* Begin PBXGroup section */
		B370CF931D4BE9D300BE3B1C = {
			isa = PBXGroup;
			children = (
				B370CF9E1D4BE9D300BE3B1C /* FI5 */,
				B370CFB71D4BE9D300BE3B1C /* FI5Tests */,
				B370CFC21D4BE9D400BE3B1C /* FI5UITests */,
				B370CF9D1D4BE9D300BE3B1C /* Products */,
			);
			sourceTree = "<group>";
		};
		B370CF9D1D4BE9D300BE3B1C /* Products */ = {
			isa = PBXGroup;
			children = (
				B370CF9C1D4BE9D300BE3B1C /* FI5.app */,
				B370CFB41D4BE9D300BE3B1C /* FI5Tests.xctest */,
				B370CFBF1D4BE9D400BE3B1C /* FI5UITests.xctest */,
			);
			name = Products;
			sourceTree = "<group>";
		};
		B370CF9E1D4BE9D300BE3B1C /* FI5 */ = {
			isa = PBXGroup;
			children = (
				B370CF9F1D4BE9D300BE3B1C /* AppDelegate.swift */,
				B370CFA31D4BE9D300BE3B1C /* GameScene.swift */,
				B370CFD11D4BEA1600BE3B1C /* Levels.swift */,
				B370CFA51D4BE9D300BE3B1C /* GameViewController.swift */,
				B370CFA71D4BE9D300BE3B1C /* Main.storyboard */,
				B370CFAA1D4BE9D300BE3B1C /* Assets.xcassets */,
				B370CFD31D4BEA5C00BE3B1C /* SFX */,
				B370CFAC1D4BE9D300BE3B1C /* LaunchScreen.storyboard */,
				B370CFAF1D4BE9D300BE3B1C /* Info.plist */,
			);
			path = FI5;
			sourceTree = "<group>";
		};
		B370CFB71D4BE9D300BE3B1C /* FI5Tests */ = {
			isa = PBXGroup;
			children = (
				B370CFB81D4BE9D300BE3B1C /* FI5Tests.swift */,
				B370CFBA1D4BE9D300BE3B1C /* Info.plist */,
			);
			path = FI5Tests;
			sourceTree = "<group>";
		};
		B370CFC21D4BE9D400BE3B1C /* FI5UITests */ = {
			isa = PBXGroup;
			children = (
				B370CFC31D4BE9D400BE3B1C /* FI5UITests.swift */,
				B370CFC51D4BE9D400BE3B1C /* Info.plist */,
			);
			path = FI5UITests;
			sourceTree = "<group>";
		};
		B370CFD31D4BEA5C00BE3B1C /* SFX */ = {
			isa = PBXGroup;
			children = (
				B370CFD41D4BEA5C00BE3B1C /* fromInside.caf */,
				B370CFD51D4BEA5C00BE3B1C /* lockMe.caf */,
				B370CFD61D4BEA5C00BE3B1C /* lockMeTwo.caf */,
			);
			path = SFX;
			sourceTree = "<group>";
		};
/* End PBXGroup section */

/* Begin PBXNativeTarget section */
		B370CF9B1D4BE9D300BE3B1C /* FI5 */ = {
			isa = PBXNativeTarget;
			buildConfigurationList = B370CFC81D4BE9D400BE3B1C /* Build configuration list for PBXNativeTarget "FI5" */;
			buildPhases = (
				B370CF981D4BE9D300BE3B1C /* Sources */,
				B370CF991D4BE9D300BE3B1C /* Frameworks */,
				B370CF9A1D4BE9D300BE3B1C /* Resources */,
			);
			buildRules = (
			);
			dependencies = (
			);
			name = FI5;
			productName = FI5;
			productReference = B370CF9C1D4BE9D300BE3B1C /* FI5.app */;
			productType = "com.apple.product-type.application";
		};
		B370CFB31D4BE9D300BE3B1C /* FI5Tests */ = {
			isa = PBXNativeTarget;
			buildConfigurationList = B370CFCB1D4BE9D400BE3B1C /* Build configuration list for PBXNativeTarget "FI5Tests" */;
			buildPhases = (
				B370CFB01D4BE9D300BE3B1C /* Sources */,
				B370CFB11D4BE9D300BE3B1C /* Frameworks */,
				B370CFB21D4BE9D300BE3B1C /* Resources */,
			);
			buildRules = (
			);
			dependencies = (
				B370CFB61D4BE9D300BE3B1C /* PBXTargetDependency */,
			);
			name = FI5Tests;
			productName = FI5Tests;
			productReference = B370CFB41D4BE9D300BE3B1C /* FI5Tests.xctest */;
			productType = "com.apple.product-type.bundle.unit-test";
		};
		B370CFBE1D4BE9D400BE3B1C /* FI5UITests */ = {
			isa = PBXNativeTarget;
			buildConfigurationList = B370CFCE1D4BE9D400BE3B1C /* Build configuration list for PBXNativeTarget "FI5UITests" */;
			buildPhases = (
				B370CFBB1D4BE9D400BE3B1C /* Sources */,
				B370CFBC1D4BE9D400BE3B1C /* Frameworks */,
				B370CFBD1D4BE9D400BE3B1C /* Resources */,
			);
			buildRules = (
			);
			dependencies = (
				B370CFC11D4BE9D400BE3B1C /* PBXTargetDependency */,
			);
			name = FI5UITests;
			productName = FI5UITests;
			productReference = B370CFBF1D4BE9D400BE3B1C /* FI5UITests.xctest */;
			productType = "com.apple.product-type.bundle.ui-testing";
		};
/* End PBXNativeTarget section */

/* Begin PBXProject section */
		B370CF941D4BE9D300BE3B1C /* Project object */ = {
			isa = PBXProject;
			attributes = {
				LastSwiftUpdateCheck = 0730;
				LastUpgradeCheck = 0730;
				ORGANIZATIONNAME = "Kai Drayton-Yee";
				TargetAttributes = {
					B370CF9B1D4BE9D300BE3B1C = {
						CreatedOnToolsVersion = 7.3.1;
					};
					B370CFB31D4BE9D300BE3B1C = {
						CreatedOnToolsVersion = 7.3.1;
						TestTargetID = B370CF9B1D4BE9D300BE3B1C;
					};
					B370CFBE1D4BE9D400BE3B1C = {
						CreatedOnToolsVersion = 7.3.1;
						TestTargetID = B370CF9B1D4BE9D300BE3B1C;
					};
				};
			};
			buildConfigurationList = B370CF971D4BE9D300BE3B1C /* Build configuration list for PBXProject "FI5" */;
			compatibilityVersion = "Xcode 3.2";
			developmentRegion = English;
			hasScannedForEncodings = 0;
			knownRegions = (
				en,
				Base,
			);
			mainGroup = B370CF931D4BE9D300BE3B1C;
			productRefGroup = B370CF9D1D4BE9D300BE3B1C /* Products */;
			projectDirPath = "";
			projectRoot = "";
			targets = (
				B370CF9B1D4BE9D300BE3B1C /* FI5 */,
				B370CFB31D4BE9D300BE3B1C /* FI5Tests */,
				B370CFBE1D4BE9D400BE3B1C /* FI5UITests */,
			);
		};
/* End PBXProject section */

/* Begin PBXResourcesBuildPhase section */
		B370CF9A1D4BE9D300BE3B1C /* Resources */ = {
			isa = PBXResourcesBuildPhase;
			buildActionMask = 2147483647;
			files = (
				B370CFAE1D4BE9D300BE3B1C /* LaunchScreen.storyboard in Resources */,
				B370CFAB1D4BE9D300BE3B1C /* Assets.xcassets in Resources */,
				B370CFD71D4BEA5C00BE3B1C /* fromInside.caf in Resources */,
				B370CFD81D4BEA5C00BE3B1C /* lockMe.caf in Resources */,
				B370CFD91D4BEA5C00BE3B1C /* lockMeTwo.caf in Resources */,
				B370CFA91D4BE9D300BE3B1C /* Main.storyboard in Resources */,
			);
			runOnlyForDeploymentPostprocessing = 0;
		};
		B370CFB21D4BE9D300BE3B1C /* Resources */ = {
			isa = PBXResourcesBuildPhase;
			buildActionMask = 2147483647;
			files = (
			);
			runOnlyForDeploymentPostprocessing = 0;
		};
		B370CFBD1D4BE9D400BE3B1C /* Resources */ = {
			isa = PBXResourcesBuildPhase;
			buildActionMask = 2147483647;
			files = (
			);
			runOnlyForDeploymentPostprocessing = 0;
		};
/* End PBXResourcesBuildPhase section */

/* Begin PBXSourcesBuildPhase section */
		B370CF981D4BE9D300BE3B1C /* Sources */ = {
			isa = PBXSourcesBuildPhase;
			buildActionMask = 2147483647;
			files = (
				B370CFA41D4BE9D300BE3B1C /* GameScene.swift in Sources */,
				B370CFA61D4BE9D300BE3B1C /* GameViewController.swift in Sources */,
				B370CFD21D4BEA1600BE3B1C /* Levels.swift in Sources */,
				B370CFA01D4BE9D300BE3B1C /* AppDelegate.swift in Sources */,
			);
			runOnlyForDeploymentPostprocessing = 0;
		};
		B370CFB01D4BE9D300BE3B1C /* Sources */ = {
			isa = PBXSourcesBuildPhase;
			buildActionMask = 2147483647;
			files = (
				B370CFB91D4BE9D300BE3B1C /* FI5Tests.swift in Sources */,
			);
			runOnlyForDeploymentPostprocessing = 0;
		};
		B370CFBB1D4BE9D400BE3B1C /* Sources */ = {
			isa = PBXSourcesBuildPhase;
			buildActionMask = 2147483647;
			files = (
				B370CFC41D4BE9D400BE3B1C /* FI5UITests.swift in Sources */,
			);
			runOnlyForDeploymentPostprocessing = 0;
		};
/* End PBXSourcesBuildPhase section */

/* Begin PBXTargetDependency section */
		B370CFB61D4BE9D300BE3B1C /* PBXTargetDependency */ = {
			isa = PBXTargetDependency;
			target = B370CF9B1D4BE9D300BE3B1C /* FI5 */;
			targetProxy = B370CFB51D4BE9D300BE3B1C /* PBXContainerItemProxy */;
		};
		B370CFC11D4BE9D400BE3B1C /* PBXTargetDependency */ = {
			isa = PBXTargetDependency;
			target = B370CF9B1D4BE9D300BE3B1C /* FI5 */;
			targetProxy = B370CFC01D4BE9D400BE3B1C /* PBXContainerItemProxy */;
		};
/* End PBXTargetDependency section */

/* Begin PBXVariantGroup section */
		B370CFA71D4BE9D300BE3B1C /* Main.storyboard */ = {
			isa = PBXVariantGroup;
			children = (
				B370CFA81D4BE9D300BE3B1C /* Base */,
			);
			name = Main.storyboard;
			sourceTree = "<group>";
		};
		B370CFAC1D4BE9D300BE3B1C /* LaunchScreen.storyboard */ = {
			isa = PBXVariantGroup;
			children = (
				B370CFAD1D4BE9D300BE3B1C /* Base */,
			);
			name = LaunchScreen.storyboard;
			sourceTree = "<group>";
		};
/* End PBXVariantGroup section */

/* Begin XCBuildConfiguration section */
		B370CFC61D4BE9D400BE3B1C /* Debug */ = {
			isa = XCBuildConfiguration;
			buildSettings = {
				ALWAYS_SEARCH_USER_PATHS = NO;
				CLANG_ANALYZER_NONNULL = YES;
				CLANG_CXX_LANGUAGE_STANDARD = "gnu++0x";
				CLANG_CXX_LIBRARY = "libc++";
				CLANG_ENABLE_MODULES = YES;
				CLANG_ENABLE_OBJC_ARC = YES;
				CLANG_WARN_BOOL_CONVERSION = YES;
				CLANG_WARN_CONSTANT_CONVERSION = YES;
				CLANG_WARN_DIRECT_OBJC_ISA_USAGE = YES_ERROR;
				CLANG_WARN_EMPTY_BODY = YES;
				CLANG_WARN_ENUM_CONVERSION = YES;
				CLANG_WARN_INT_CONVERSION = YES;
				CLANG_WARN_OBJC_ROOT_CLASS = YES_ERROR;
				CLANG_WARN_UNREACHABLE_CODE = YES;
				CLANG_WARN__DUPLICATE_METHOD_MATCH = YES;
				"CODE_SIGN_IDENTITY[sdk=iphoneos*]" = "iPhone Developer";
				COPY_PHASE_STRIP = NO;
				DEBUG_INFORMATION_FORMAT = "dwarf-with-dsym";
				ENABLE_STRICT_OBJC_MSGSEND = YES;
				ENABLE_TESTABILITY = YES;
				GCC_C_LANGUAGE_STANDARD = gnu99;
				GCC_DYNAMIC_NO_PIC = NO;
				GCC_NO_COMMON_BLOCKS = YES;
				GCC_OPTIMIZATION_LEVEL = 0;
				GCC_PREPROCESSOR_DEFINITIONS = (
					"DEBUG=1",
					"$(inherited)",
				);
				GCC_WARN_64_TO_32_BIT_CONVERSION = YES;
				GCC_WARN_ABOUT_RETURN_TYPE = YES_ERROR;
				GCC_WARN_UNDECLARED_SELECTOR = YES;
				GCC_WARN_UNINITIALIZED_AUTOS = YES_AGGRESSIVE;
				GCC_WARN_UNUSED_FUNCTION = YES;
				GCC_WARN_UNUSED_VARIABLE = YES;
				IPHONEOS_DEPLOYMENT_TARGET = 9.3;
				MTL_ENABLE_DEBUG_INFO = YES;
				ONLY_ACTIVE_ARCH = YES;
				SDKROOT = iphoneos;
				SWIFT_OPTIMIZATION_LEVEL = "-Onone";
				TARGETED_DEVICE_FAMILY = "1,2";
			};
			name = Debug;
		};
		B370CFC71D4BE9D400BE3B1C /* Release */ = {
			isa = XCBuildConfiguration;
			buildSettings = {
				ALWAYS_SEARCH_USER_PATHS = NO;
				CLANG_ANALYZER_NONNULL = YES;
				CLANG_CXX_LANGUAGE_STANDARD = "gnu++0x";
				CLANG_CXX_LIBRARY = "libc++";
				CLANG_ENABLE_MODULES = YES;
				CLANG_ENABLE_OBJC_ARC = YES;
				CLANG_WARN_BOOL_CONVERSION = YES;
				CLANG_WARN_CONSTANT_CONVERSION = YES;
				CLANG_WARN_DIRECT_OBJC_ISA_USAGE = YES_ERROR;
				CLANG_WARN_EMPTY_BODY = YES;
				CLANG_WARN_ENUM_CONVERSION = YES;
				CLANG_WARN_INT_CONVERSION = YES;
				CLANG_WARN_OBJC_ROOT_CLASS = YES_ERROR;
				CLANG_WARN_UNREACHABLE_CODE = YES;
				CLANG_WARN__DUPLICATE_METHOD_MATCH = YES;
				"CODE_SIGN_IDENTITY[sdk=iphoneos*]" = "iPhone Developer";
				COPY_PHASE_STRIP = NO;
				DEBUG_INFORMATION_FORMAT = "dwarf-with-dsym";
				ENABLE_NS_ASSERTIONS = NO;
				ENABLE_STRICT_OBJC_MSGSEND = YES;
				GCC_C_LANGUAGE_STANDARD = gnu99;
				GCC_NO_COMMON_BLOCKS = YES;
				GCC_WARN_64_TO_32_BIT_CONVERSION = YES;
				GCC_WARN_ABOUT_RETURN_TYPE = YES_ERROR;
				GCC_WARN_UNDECLARED_SELECTOR = YES;
				GCC_WARN_UNINITIALIZED_AUTOS = YES_AGGRESSIVE;
				GCC_WARN_UNUSED_FUNCTION = YES;
				GCC_WARN_UNUSED_VARIABLE = YES;
				IPHONEOS_DEPLOYMENT_TARGET = 9.3;
				MTL_ENABLE_DEBUG_INFO = NO;
				SDKROOT = iphoneos;
				TARGETED_DEVICE_FAMILY = "1,2";
				VALIDATE_PRODUCT = YES;
			};
			name = Release;
		};
		B370CFC91D4BE9D400BE3B1C /* Debug */ = {
			isa = XCBuildConfiguration;
			buildSettings = {
				ASSETCATALOG_COMPILER_APPICON_NAME = AppIcon;
				INFOPLIST_FILE = FI5/Info.plist;
				LD_RUNPATH_SEARCH_PATHS = "$(inherited) @executable_path/Frameworks";
				PRODUCT_BUNDLE_IDENTIFIER = com.makeschool.FI5;
				PRODUCT_NAME = "$(TARGET_NAME)";
			};
			name = Debug;
		};
		B370CFCA1D4BE9D400BE3B1C /* Release */ = {
			isa = XCBuildConfiguration;
			buildSettings = {
				ASSETCATALOG_COMPILER_APPICON_NAME = AppIcon;
				INFOPLIST_FILE = FI5/Info.plist;
				LD_RUNPATH_SEARCH_PATHS = "$(inherited) @executable_path/Frameworks";
				PRODUCT_BUNDLE_IDENTIFIER = com.makeschool.FI5;
				PRODUCT_NAME = "$(TARGET_NAME)";
			};
			name = Release;
		};
		B370CFCC1D4BE9D400BE3B1C /* Debug */ = {
			isa = XCBuildConfiguration;
			buildSettings = {
				BUNDLE_LOADER = "$(TEST_HOST)";
				DEBUG_INFORMATION_FORMAT = dwarf;
				INFOPLIST_FILE = FI5Tests/Info.plist;
				LD_RUNPATH_SEARCH_PATHS = "$(inherited) @executable_path/Frameworks @loader_path/Frameworks";
				PRODUCT_BUNDLE_IDENTIFIER = com.makeschool.FI5Tests;
				PRODUCT_NAME = "$(TARGET_NAME)";
				TEST_HOST = "$(BUILT_PRODUCTS_DIR)/FI5.app/FI5";
			};
			name = Debug;
		};
		B370CFCD1D4BE9D400BE3B1C /* Release */ = {
			isa = XCBuildConfiguration;
			buildSettings = {
				BUNDLE_LOADER = "$(TEST_HOST)";
				INFOPLIST_FILE = FI5Tests/Info.plist;
				LD_RUNPATH_SEARCH_PATHS = "$(inherited) @executable_path/Frameworks @loader_path/Frameworks";
				PRODUCT_BUNDLE_IDENTIFIER = com.makeschool.FI5Tests;
				PRODUCT_NAME = "$(TARGET_NAME)";
				TEST_HOST = "$(BUILT_PRODUCTS_DIR)/FI5.app/FI5";
			};
			name = Release;
		};
		B370CFCF1D4BE9D400BE3B1C /* Debug */ = {
			isa = XCBuildConfiguration;
			buildSettings = {
				DEBUG_INFORMATION_FORMAT = dwarf;
				INFOPLIST_FILE = FI5UITests/Info.plist;
				LD_RUNPATH_SEARCH_PATHS = "$(inherited) @executable_path/Frameworks @loader_path/Frameworks";
				PRODUCT_BUNDLE_IDENTIFIER = com.makeschool.FI5UITests;
				PRODUCT_NAME = "$(TARGET_NAME)";
				TEST_TARGET_NAME = FI5;
			};
			name = Debug;
		};
		B370CFD01D4BE9D400BE3B1C /* Release */ = {
			isa = XCBuildConfiguration;
			buildSettings = {
				INFOPLIST_FILE = FI5UITests/Info.plist;
				LD_RUNPATH_SEARCH_PATHS = "$(inherited) @executable_path/Frameworks @loader_path/Frameworks";
				PRODUCT_BUNDLE_IDENTIFIER = com.makeschool.FI5UITests;
				PRODUCT_NAME = "$(TARGET_NAME)";
				TEST_TARGET_NAME = FI5;
			};
			name = Release;
		};
/* End XCBuildConfiguration section */

/* Begin XCConfigurationList section */
		B370CF971D4BE9D300BE3B1C /* Build configuration list for PBXProject "FI5" */ = {
			isa = XCConfigurationList;
			buildConfigurations = (
				B370CFC61D4BE9D400BE3B1C /* Debug */,
				B370CFC71D4BE9D400BE3B1C /* Release */,
			);
			defaultConfigurationIsVisible = 0;
			defaultConfigurationName = Release;
		};
		B370CFC81D4BE9D400BE3B1C /* Build configuration list for PBXNativeTarget "FI5" */ = {
			isa = XCConfigurationList;
			buildConfigurations = (
				B370CFC91D4BE9D400BE3B1C /* Debug */,
				B370CFCA1D4BE9D400BE3B1C /* Release */,
			);
			defaultConfigurationIsVisible = 0;
		};
		B370CFCB1D4BE9D400BE3B1C /* Build configuration list for PBXNativeTarget "FI5Tests" */ = {
			isa = XCConfigurationList;
			buildConfigurations = (
				B370CFCC1D4BE9D400BE3B1C /* Debug */,
				B370CFCD1D4BE9D400BE3B1C /* Release */,
			);
			defaultConfigurationIsVisible = 0;
		};
		B370CFCE1D4BE9D400BE3B1C /* Build configuration list for PBXNativeTarget "FI5UITests" */ = {
			isa = XCConfigurationList;
			buildConfigurations = (
				B370CFCF1D4BE9D400BE3B1C /* Debug */,
				B370CFD01D4BE9D400BE3B1C /* Release */,
			);
			defaultConfigurationIsVisible = 0;
		};
/* End XCConfigurationList section */
	};
	rootObject = B370CF941D4BE9D300BE3B1C /* Project object */;
}
